
Microsoft Visual Studio Solution File, Format Version 12.00
# Visual Studio Version 17
VisualStudioVersion = 17.14.36327.8 d17.14
MinimumVisualStudioVersion = 10.0.40219.1
Project("{8BC9CEB8-8B4A-11D0-8D11-00A0C91BC942}") = "D3DCompiler_43", "D3DCompiler_43\D3DCompiler_43.vcxproj", "{DA839A2A-BBE0-4584-82D3-E45629914D37}"
EndProject
Global
	GlobalSection(SolutionConfigurationPlatforms) = preSolution
		Debug|x64 = Debug|x64
		Debug|x86 = Debug|x86
		Release|x64 = Release|x64
		Release|x86 = Release|x86
	EndGlobalSection
	GlobalSection(ProjectConfigurationPlatforms) = postSolution
		{DA839A2A-BBE0-4584-82D3-E45629914D37}.Debug|x64.ActiveCfg = Debug|x64
		{DA839A2A-BBE0-4584-82D3-E45629914D37}.Debug|x64.Build.0 = Debug|x64
		{DA839A2A-BBE0-4584-82D3-E45629914D37}.Debug|x86.ActiveCfg = Debug|Win32
		{DA839A2A-BBE0-4584-82D3-E45629914D37}.Debug|x86.Build.0 = Debug|Win32
		{DA839A2A-BBE0-4584-82D3-E45629914D37}.Release|x64.ActiveCfg = Release|x64
		{DA839A2A-BBE0-4584-82D3-E45629914D37}.Release|x64.Build.0 = Release|x64
		{DA839A2A-BBE0-4584-82D3-E45629914D37}.Release|x86.ActiveCfg = Release|Win32
		{DA839A2A-BBE0-4584-82D3-E45629914D37}.Release|x86.Build.0 = Release|Win32
	EndGlobalSection
	GlobalSection(SolutionProperties) = preSolution
		HideSolutionNode = FALSE
	EndGlobalSection
	GlobalSection(ExtensibilityGlobals) = postSolution
		SolutionGuid = {B1D3974F-2B5E-4B3D-A960-91D0B82BD07B}
	EndGlobalSection
EndGlobal
